# This file is automatically @generated by Cargo.
# It is not intended for manual editing.
version = 3

[[package]]
name = "project_euler"
version = "0.1.0"
dependencies = [
 "seq",
]

[[package]]
name = "seq"
version = "0.5.0"
source = "registry+https://github.com/rust-lang/crates.io-index"
checksum = "2305e6cd350e1e6d28a70f384845d184f0880e5ef4b48251532ae709016c4501"
